{
  "name": "npm-myapp",
  "version": "1.0.0",
  "lockfileVersion": 2,
  "requires": true,
  "packages": {
    "": {
      "name": "npm-myapp",
      "version": "1.0.0",
      "dependencies": {
        "npm-helloworld": "file:../npm-helloworld/npm-helloworld-1.0.0.tgz"
      }
    },
    "node_modules/npm-helloworld": {
      "version": "1.0.0",
      "resolved": "file:../npm-helloworld/npm-helloworld-1.0.0.tgz",
      "integrity": "sha512-MBiMZ+ZjuuI69KcofF1CWSuWsaIhM8dXNnFdk/WrkVe5nMK3EK9wLj18/LWzquWJkqaq3wry7R4YK6YI2Blhtw=="
    }
  },
  "dependencies": {
    "npm-helloworld": {
      "version": "file:..\\npm-helloworld\\npm-helloworld-1.0.0.tgz",
      "integrity": "sha512-MBiMZ+ZjuuI69KcofF1CWSuWsaIhM8dXNnFdk/WrkVe5nMK3EK9wLj18/LWzquWJkqaq3wry7R4YK6YI2Blhtw=="
    }
  }
}
