{
  "name": "npm-myapp",
  "version": "1.0.0",
  "lockfileVersion": 2,
  "requires": true,
  "packages": {
    "": {
      "name": "npm-myapp",
      "version": "1.0.0",
      "license": "ISC",
      "dependencies": {
        "npm-helloworld": "file:../npm-helloworld/npm-helloworld-1.0.0.tgz"
      }
    },
    "node_modules/npm-helloworld": {
      "version": "1.0.0",
      "resolved": "file:../npm-helloworld/npm-helloworld-1.0.0.tgz",
      "integrity": "sha512-trq7L/NJx+0gv7bzDXkjaUrTXM/6UXznd2vycrcgTQ9eLD+iDBwdfViglDwg8/vYsv/VDLqGGrhGlA/kzZYTQg=="
    }
  },
  "dependencies": {
    "npm-helloworld": {
      "version": "file:..\\npm-helloworld\\npm-helloworld-1.0.0.tgz",
      "integrity": "sha512-trq7L/NJx+0gv7bzDXkjaUrTXM/6UXznd2vycrcgTQ9eLD+iDBwdfViglDwg8/vYsv/VDLqGGrhGlA/kzZYTQg=="
    }
  }
}
